
Microsoft Visual Studio Solution File, Format Version 12.00
# Visual Studio Version 16
VisualStudioVersion = 16.0.31624.102
MinimumVisualStudioVersion = 10.0.40219.1
Project("{FAE04EC0-301F-11D3-BF4B-00C04F79EFBC}") = "DatagridTest", "DatagridTest.csproj", "{B71128B0-33AC-451E-B228-D8D2BA15D6CC}"
EndProject
Global
	GlobalSection(SolutionConfigurationPlatforms) = preSolution
		Debug|Any CPU = Debug|Any CPU
		Release|Any CPU = Release|Any CPU
	EndGlobalSection
	GlobalSection(ProjectConfigurationPlatforms) = postSolution
		{B71128B0-33AC-451E-B228-D8D2BA15D6CC}.Debug|Any CPU.ActiveCfg = Debug|Any CPU
		{B71128B0-33AC-451E-B228-D8D2BA15D6CC}.Debug|Any CPU.Build.0 = Debug|Any CPU
		{B71128B0-33AC-451E-B228-D8D2BA15D6CC}.Release|Any CPU.ActiveCfg = Release|Any CPU
		{B71128B0-33AC-451E-B228-D8D2BA15D6CC}.Release|Any CPU.Build.0 = Release|Any CPU
	EndGlobalSection
	GlobalSection(SolutionProperties) = preSolution
		HideSolutionNode = FALSE
	EndGlobalSection
	GlobalSection(ExtensibilityGlobals) = postSolution
		SolutionGuid = {BDF8A903-15EC-419A-8D1E-BF757D1359B5}
	EndGlobalSection
EndGlobal
